
Microsoft Visual Studio Solution File, Format Version 12.00
# Visual Studio Version 17
VisualStudioVersion = 17.7.34221.43
MinimumVisualStudioVersion = 10.0.40219.1
Project("{FAE04EC0-301F-11D3-BF4B-00C04F79EFBC}") = "A2", "A2\A2.csproj", "{F7F6095F-F5ED-4A5D-B0ED-C0A16F1EDF99}"
EndProject
Global
	GlobalSection(SolutionConfigurationPlatforms) = preSolution
		Debug|Any CPU = Debug|Any CPU
		Release|Any CPU = Release|Any CPU
	EndGlobalSection
	GlobalSection(ProjectConfigurationPlatforms) = postSolution
		{F7F6095F-F5ED-4A5D-B0ED-C0A16F1EDF99}.Debug|Any CPU.ActiveCfg = Debug|Any CPU
		{F7F6095F-F5ED-4A5D-B0ED-C0A16F1EDF99}.Debug|Any CPU.Build.0 = Debug|Any CPU
		{F7F6095F-F5ED-4A5D-B0ED-C0A16F1EDF99}.Release|Any CPU.ActiveCfg = Release|Any CPU
		{F7F6095F-F5ED-4A5D-B0ED-C0A16F1EDF99}.Release|Any CPU.Build.0 = Release|Any CPU
	EndGlobalSection
	GlobalSection(SolutionProperties) = preSolution
		HideSolutionNode = FALSE
	EndGlobalSection
	GlobalSection(ExtensibilityGlobals) = postSolution
		SolutionGuid = {5B0253C7-37EF-4ABF-9281-A95F826208F4}
	EndGlobalSection
EndGlobal
